
Microsoft Visual Studio Solution File, Format Version 12.00
# Visual Studio Version 17
VisualStudioVersion = 17.8.34322.80
MinimumVisualStudioVersion = 10.0.40219.1
Project("{9A19103F-16F7-4668-BE54-9A1E7A4F7556}") = "Book.Web", "Book.Web\Book.Web.csproj", "{7D423ACF-3685-491F-B18B-426002F7D8CA}"
EndProject
Global
	GlobalSection(SolutionConfigurationPlatforms) = preSolution
		Debug|Any CPU = Debug|Any CPU
		Release|Any CPU = Release|Any CPU
	EndGlobalSection
	GlobalSection(ProjectConfigurationPlatforms) = postSolution
		{7D423ACF-3685-491F-B18B-426002F7D8CA}.Debug|Any CPU.ActiveCfg = Debug|Any CPU
		{7D423ACF-3685-491F-B18B-426002F7D8CA}.Debug|Any CPU.Build.0 = Debug|Any CPU
		{7D423ACF-3685-491F-B18B-426002F7D8CA}.Release|Any CPU.ActiveCfg = Release|Any CPU
		{7D423ACF-3685-491F-B18B-426002F7D8CA}.Release|Any CPU.Build.0 = Release|Any CPU
	EndGlobalSection
	GlobalSection(SolutionProperties) = preSolution
		HideSolutionNode = FALSE
	EndGlobalSection
	GlobalSection(ExtensibilityGlobals) = postSolution
		SolutionGuid = {5F56CB9B-84DF-4275-9956-8FF3684DEE78}
	EndGlobalSection
EndGlobal
